
Microsoft Visual Studio Solution File, Format Version 12.00
# Visual Studio Version 17
VisualStudioVersion = 17.8.34309.116
MinimumVisualStudioVersion = 10.0.40219.1
Project("{FAE04EC0-301F-11D3-BF4B-00C04F79EFBC}") = "MoneyMinderAPI", "MoneyMinderAPI.csproj", "{C9F96C3B-B964-4E17-A567-592905B34708}"
EndProject
Global
	GlobalSection(SolutionConfigurationPlatforms) = preSolution
		Debug|Any CPU = Debug|Any CPU
		Release|Any CPU = Release|Any CPU
	EndGlobalSection
	GlobalSection(ProjectConfigurationPlatforms) = postSolution
		{C9F96C3B-B964-4E17-A567-592905B34708}.Debug|Any CPU.ActiveCfg = Debug|Any CPU
		{C9F96C3B-B964-4E17-A567-592905B34708}.Debug|Any CPU.Build.0 = Debug|Any CPU
		{C9F96C3B-B964-4E17-A567-592905B34708}.Release|Any CPU.ActiveCfg = Release|Any CPU
		{C9F96C3B-B964-4E17-A567-592905B34708}.Release|Any CPU.Build.0 = Release|Any CPU
	EndGlobalSection
	GlobalSection(SolutionProperties) = preSolution
		HideSolutionNode = FALSE
	EndGlobalSection
	GlobalSection(ExtensibilityGlobals) = postSolution
		SolutionGuid = {3A9C063E-BF59-4493-814E-1DC7CB5611CA}
	EndGlobalSection
EndGlobal
